
Microsoft Visual Studio Solution File, Format Version 12.00
# Visual Studio Version 16
VisualStudioVersion = 16.0.810.16
MinimumVisualStudioVersion = 10.0.40219.1
Project("{FAE04EC0-301F-11D3-BF4B-00C04F79EFBC}") = "Parse.Android", "Parse.Android.csproj", "{072821C5-D6CC-4480-AA44-78DE79F52297}"
EndProject
Global
	GlobalSection(SolutionConfigurationPlatforms) = preSolution
		Debug|Any CPU = Debug|Any CPU
		Release|Any CPU = Release|Any CPU
	EndGlobalSection
	GlobalSection(ProjectConfigurationPlatforms) = postSolution
		{072821C5-D6CC-4480-AA44-78DE79F52297}.Debug|Any CPU.ActiveCfg = Debug|Any CPU
		{072821C5-D6CC-4480-AA44-78DE79F52297}.Debug|Any CPU.Build.0 = Debug|Any CPU
		{072821C5-D6CC-4480-AA44-78DE79F52297}.Release|Any CPU.ActiveCfg = Release|Any CPU
		{072821C5-D6CC-4480-AA44-78DE79F52297}.Release|Any CPU.Build.0 = Release|Any CPU
	EndGlobalSection
	GlobalSection(SolutionProperties) = preSolution
		HideSolutionNode = FALSE
	EndGlobalSection
	GlobalSection(ExtensibilityGlobals) = postSolution
		SolutionGuid = {7F313A3E-A6E0-4C19-8D64-A25BC96C290C}
	EndGlobalSection
EndGlobal
